
Microsoft Visual Studio Solution File, Format Version 12.00
# Visual Studio Version 16
VisualStudioVersion = 16.0.31702.278
MinimumVisualStudioVersion = 10.0.40219.1
Project("{FAE04EC0-301F-11D3-BF4B-00C04F79EFBC}") = "Homework_struct Dog", "Homework_struct Dog\Homework_struct Dog.csproj", "{FD199438-6487-42F2-A0F3-D1FF1EF2BE1B}"
EndProject
Global
	GlobalSection(SolutionConfigurationPlatforms) = preSolution
		Debug|Any CPU = Debug|Any CPU
		Release|Any CPU = Release|Any CPU
	EndGlobalSection
	GlobalSection(ProjectConfigurationPlatforms) = postSolution
		{FD199438-6487-42F2-A0F3-D1FF1EF2BE1B}.Debug|Any CPU.ActiveCfg = Debug|Any CPU
		{FD199438-6487-42F2-A0F3-D1FF1EF2BE1B}.Debug|Any CPU.Build.0 = Debug|Any CPU
		{FD199438-6487-42F2-A0F3-D1FF1EF2BE1B}.Release|Any CPU.ActiveCfg = Release|Any CPU
		{FD199438-6487-42F2-A0F3-D1FF1EF2BE1B}.Release|Any CPU.Build.0 = Release|Any CPU
	EndGlobalSection
	GlobalSection(SolutionProperties) = preSolution
		HideSolutionNode = FALSE
	EndGlobalSection
	GlobalSection(ExtensibilityGlobals) = postSolution
		SolutionGuid = {598C3C5B-4848-42B3-8DB0-8C9EBACFBF26}
	EndGlobalSection
EndGlobal
